// !$*UTF8*$!
{
	archiveVersion = 1;
	classes = {
	};
	objectVersion = 55;
	objects = {

/* Begin PBXBuildFile section */
		886DE78727BBD073005BEC34 /* AppDelegate.swift in Sources */ = {isa = PBXBuildFile; fileRef = 886DE78627BBD073005BEC34 /* AppDelegate.swift */; };
		886DE78927BBD073005BEC34 /* SceneDelegate.swift in Sources */ = {isa = PBXBuildFile; fileRef = 886DE78827BBD073005BEC34 /* SceneDelegate.swift */; };
		886DE78B27BBD073005BEC34 /* MainViewController.swift in Sources */ = {isa = PBXBuildFile; fileRef = 886DE78A27BBD073005BEC34 /* MainViewController.swift */; };
		886DE78E27BBD073005BEC34 /* Main.storyboard in Resources */ = {isa = PBXBuildFile; fileRef = 886DE78C27BBD073005BEC34 /* Main.storyboard */; };
		886DE79027BBD076005BEC34 /* Assets.xcassets in Resources */ = {isa = PBXBuildFile; fileRef = 886DE78F27BBD076005BEC34 /* Assets.xcassets */; };
		886DE79327BBD077005BEC34 /* LaunchScreen.storyboard in Resources */ = {isa = PBXBuildFile; fileRef = 886DE79127BBD077005BEC34 /* LaunchScreen.storyboard */; };
		886DE79B27BCA140005BEC34 /* UIViewController.swift in Sources */ = {isa = PBXBuildFile; fileRef = 886DE79A27BCA13F005BEC34 /* UIViewController.swift */; };
		886DE7A827BCB4C1005BEC34 /* CustomPickerFlow.storyboard in Resources */ = {isa = PBXBuildFile; fileRef = 886DE7A727BCB4C1005BEC34 /* CustomPickerFlow.storyboard */; };
		886DE7AC27BCB547005BEC34 /* CustomPickerNavigationController.swift in Sources */ = {isa = PBXBuildFile; fileRef = 886DE7AB27BCB547005BEC34 /* CustomPickerNavigationController.swift */; };
		886DE7AE27BCB57D005BEC34 /* AlbumViewController.swift in Sources */ = {isa = PBXBuildFile; fileRef = 886DE7AD27BCB57D005BEC34 /* AlbumViewController.swift */; };
		886DE7B127BCC563005BEC34 /* AlbumTableViewCell.swift in Sources */ = {isa = PBXBuildFile; fileRef = 886DE7AF27BCC563005BEC34 /* AlbumTableViewCell.swift */; };
		886DE7B227BCC563005BEC34 /* AlbumTableViewCell.xib in Resources */ = {isa = PBXBuildFile; fileRef = 886DE7B027BCC563005BEC34 /* AlbumTableViewCell.xib */; };
		886DE7B427BCE6D7005BEC34 /* UIImageView.swift in Sources */ = {isa = PBXBuildFile; fileRef = 886DE7B327BCE6D7005BEC34 /* UIImageView.swift */; };
		886DE7C227BCF630005BEC34 /* PhotoViewController.swift in Sources */ = {isa = PBXBuildFile; fileRef = 886DE7C027BCF630005BEC34 /* PhotoViewController.swift */; };
		886DE7C627BCFDBF005BEC34 /* PhotoCollectionViewCell.swift in Sources */ = {isa = PBXBuildFile; fileRef = 886DE7C427BCFDBF005BEC34 /* PhotoCollectionViewCell.swift */; };
		886DE7C727BCFDBF005BEC34 /* PhotoCollectionViewCell.xib in Resources */ = {isa = PBXBuildFile; fileRef = 886DE7C527BCFDBF005BEC34 /* PhotoCollectionViewCell.xib */; };
		886DE7C927BDDB5C005BEC34 /* CustomPickerViewModel.swift in Sources */ = {isa = PBXBuildFile; fileRef = 886DE7C827BDDB5C005BEC34 /* CustomPickerViewModel.swift */; };
/* End PBXBuildFile section */

/* Begin PBXFileReference section */
		886DE78327BBD073005BEC34 /* Photo-Album-App_Swift.app */ = {isa = PBXFileReference; explicitFileType = wrapper.application; includeInIndex = 0; path = "Photo-Album-App_Swift.app"; sourceTree = BUILT_PRODUCTS_DIR; };
		886DE78627BBD073005BEC34 /* AppDelegate.swift */ = {isa = PBXFileReference; lastKnownFileType = sourcecode.swift; path = AppDelegate.swift; sourceTree = "<group>"; };
		886DE78827BBD073005BEC34 /* SceneDelegate.swift */ = {isa = PBXFileReference; lastKnownFileType = sourcecode.swift; path = SceneDelegate.swift; sourceTree = "<group>"; };
		886DE78A27BBD073005BEC34 /* MainViewController.swift */ = {isa = PBXFileReference; lastKnownFileType = sourcecode.swift; path = MainViewController.swift; sourceTree = "<group>"; };
		886DE78D27BBD073005BEC34 /* Base */ = {isa = PBXFileReference; lastKnownFileType = file.storyboard; name = Base; path = Base.lproj/Main.storyboard; sourceTree = "<group>"; };
		886DE78F27BBD076005BEC34 /* Assets.xcassets */ = {isa = PBXFileReference; lastKnownFileType = folder.assetcatalog; path = Assets.xcassets; sourceTree = "<group>"; };
		886DE79227BBD077005BEC34 /* Base */ = {isa = PBXFileReference; lastKnownFileType = file.storyboard; name = Base; path = Base.lproj/LaunchScreen.storyboard; sourceTree = "<group>"; };
		886DE79427BBD077005BEC34 /* Info.plist */ = {isa = PBXFileReference; lastKnownFileType = text.plist.xml; path = Info.plist; sourceTree = "<group>"; };
		886DE79A27BCA13F005BEC34 /* UIViewController.swift */ = {isa = PBXFileReference; lastKnownFileType = sourcecode.swift; path = UIViewController.swift; sourceTree = "<group>"; };
		886DE7A727BCB4C1005BEC34 /* CustomPickerFlow.storyboard */ = {isa = PBXFileReference; fileEncoding = 4; lastKnownFileType = file.storyboard; path = CustomPickerFlow.storyboard; sourceTree = "<group>"; };
		886DE7AB27BCB547005BEC34 /* CustomPickerNavigationController.swift */ = {isa = PBXFileReference; lastKnownFileType = sourcecode.swift; path = CustomPickerNavigationController.swift; sourceTree = "<group>"; };
		886DE7AD27BCB57D005BEC34 /* AlbumViewController.swift */ = {isa = PBXFileReference; lastKnownFileType = sourcecode.swift; path = AlbumViewController.swift; sourceTree = "<group>"; };
		886DE7AF27BCC563005BEC34 /* AlbumTableViewCell.swift */ = {isa = PBXFileReference; lastKnownFileType = sourcecode.swift; path = AlbumTableViewCell.swift; sourceTree = "<group>"; };
		886DE7B027BCC563005BEC34 /* AlbumTableViewCell.xib */ = {isa = PBXFileReference; lastKnownFileType = file.xib; path = AlbumTableViewCell.xib; sourceTree = "<group>"; };
		886DE7B327BCE6D7005BEC34 /* UIImageView.swift */ = {isa = PBXFileReference; lastKnownFileType = sourcecode.swift; path = UIImageView.swift; sourceTree = "<group>"; };
		886DE7C027BCF630005BEC34 /* PhotoViewController.swift */ = {isa = PBXFileReference; lastKnownFileType = sourcecode.swift; path = PhotoViewController.swift; sourceTree = "<group>"; };
		886DE7C427BCFDBF005BEC34 /* PhotoCollectionViewCell.swift */ = {isa = PBXFileReference; lastKnownFileType = sourcecode.swift; path = PhotoCollectionViewCell.swift; sourceTree = "<group>"; };
		886DE7C527BCFDBF005BEC34 /* PhotoCollectionViewCell.xib */ = {isa = PBXFileReference; lastKnownFileType = file.xib; path = PhotoCollectionViewCell.xib; sourceTree = "<group>"; };
		886DE7C827BDDB5C005BEC34 /* CustomPickerViewModel.swift */ = {isa = PBXFileReference; lastKnownFileType = sourcecode.swift; path = CustomPickerViewModel.swift; sourceTree = "<group>"; };
/* End PBXFileReference section */

/* Begin PBXFrameworksBuildPhase section */
		886DE78027BBD073005BEC34 /* Frameworks */ = {
			isa = PBXFrameworksBuildPhase;
			buildActionMask = 2147483647;
			files = (
			);
			runOnlyForDeploymentPostprocessing = 0;
		};
/* End PBXFrameworksBuildPhase section */

/* Begin PBXGroup section */
		886DE77A27BBD073005BEC34 = {
			isa = PBXGroup;
			children = (
				886DE78527BBD073005BEC34 /* Photo-Album-App_Swift */,
				886DE78427BBD073005BEC34 /* Products */,
			);
			sourceTree = "<group>";
		};
		886DE78427BBD073005BEC34 /* Products */ = {
			isa = PBXGroup;
			children = (
				886DE78327BBD073005BEC34 /* Photo-Album-App_Swift.app */,
			);
			name = Products;
			sourceTree = "<group>";
		};
		886DE78527BBD073005BEC34 /* Photo-Album-App_Swift */ = {
			isa = PBXGroup;
			children = (
				886DE79C27BCA1D6005BEC34 /* Application */,
				886DE79E27BCA1F0005BEC34 /* Model */,
				886DE79D27BCA1E7005BEC34 /* View */,
				886DE79F27BCA200005BEC34 /* Controller */,
				886DE78F27BBD076005BEC34 /* Assets.xcassets */,
				886DE79127BBD077005BEC34 /* LaunchScreen.storyboard */,
				886DE79427BBD077005BEC34 /* Info.plist */,
			);
			path = "Photo-Album-App_Swift";
			sourceTree = "<group>";
		};
		886DE79C27BCA1D6005BEC34 /* Application */ = {
			isa = PBXGroup;
			children = (
				886DE7B527BCEF4D005BEC34 /* Extensions */,
				886DE78627BBD073005BEC34 /* AppDelegate.swift */,
				886DE78827BBD073005BEC34 /* SceneDelegate.swift */,
			);
			path = Application;
			sourceTree = "<group>";
		};
		886DE79D27BCA1E7005BEC34 /* View */ = {
			isa = PBXGroup;
			children = (
				886DE7AF27BCC563005BEC34 /* AlbumTableViewCell.swift */,
				886DE7B027BCC563005BEC34 /* AlbumTableViewCell.xib */,
				886DE7C427BCFDBF005BEC34 /* PhotoCollectionViewCell.swift */,
				886DE7C527BCFDBF005BEC34 /* PhotoCollectionViewCell.xib */,
			);
			path = View;
			sourceTree = "<group>";
		};
		886DE79E27BCA1F0005BEC34 /* Model */ = {
			isa = PBXGroup;
			children = (
				886DE7C827BDDB5C005BEC34 /* CustomPickerViewModel.swift */,
			);
			path = Model;
			sourceTree = "<group>";
		};
		886DE79F27BCA200005BEC34 /* Controller */ = {
			isa = PBXGroup;
			children = (
				886DE7A927BCB4FD005BEC34 /* Main */,
				886DE7AA27BCB510005BEC34 /* CustomPicker */,
			);
			path = Controller;
			sourceTree = "<group>";
		};
		886DE7A927BCB4FD005BEC34 /* Main */ = {
			isa = PBXGroup;
			children = (
				886DE78C27BBD073005BEC34 /* Main.storyboard */,
				886DE78A27BBD073005BEC34 /* MainViewController.swift */,
			);
			path = Main;
			sourceTree = "<group>";
		};
		886DE7AA27BCB510005BEC34 /* CustomPicker */ = {
			isa = PBXGroup;
			children = (
				886DE7A727BCB4C1005BEC34 /* CustomPickerFlow.storyboard */,
				886DE7AB27BCB547005BEC34 /* CustomPickerNavigationController.swift */,
				886DE7AD27BCB57D005BEC34 /* AlbumViewController.swift */,
				886DE7C027BCF630005BEC34 /* PhotoViewController.swift */,
			);
			path = CustomPicker;
			sourceTree = "<group>";
		};
		886DE7B527BCEF4D005BEC34 /* Extensions */ = {
			isa = PBXGroup;
			children = (
				886DE79A27BCA13F005BEC34 /* UIViewController.swift */,
				886DE7B327BCE6D7005BEC34 /* UIImageView.swift */,
			);
			path = Extensions;
			sourceTree = "<group>";
		};
/* End PBXGroup section */

/* Begin PBXNativeTarget section */
		886DE78227BBD073005BEC34 /* Photo-Album-App_Swift */ = {
			isa = PBXNativeTarget;
			buildConfigurationList = 886DE79727BBD077005BEC34 /* Build configuration list for PBXNativeTarget "Photo-Album-App_Swift" */;
			buildPhases = (
				886DE77F27BBD073005BEC34 /* Sources */,
				886DE78027BBD073005BEC34 /* Frameworks */,
				886DE78127BBD073005BEC34 /* Resources */,
			);
			buildRules = (
			);
			dependencies = (
			);
			name = "Photo-Album-App_Swift";
			productName = "Photo-Album-App_Swift";
			productReference = 886DE78327BBD073005BEC34 /* Photo-Album-App_Swift.app */;
			productType = "com.apple.product-type.application";
		};
/* End PBXNativeTarget section */

/* Begin PBXProject section */
		886DE77B27BBD073005BEC34 /* Project object */ = {
			isa = PBXProject;
			attributes = {
				BuildIndependentTargetsInParallel = 1;
				LastSwiftUpdateCheck = 1310;
				LastUpgradeCheck = 1310;
				TargetAttributes = {
					886DE78227BBD073005BEC34 = {
						CreatedOnToolsVersion = 13.1;
					};
				};
			};
			buildConfigurationList = 886DE77E27BBD073005BEC34 /* Build configuration list for PBXProject "Photo-Album-App_Swift" */;
			compatibilityVersion = "Xcode 13.0";
			developmentRegion = en;
			hasScannedForEncodings = 0;
			knownRegions = (
				en,
				Base,
			);
			mainGroup = 886DE77A27BBD073005BEC34;
			productRefGroup = 886DE78427BBD073005BEC34 /* Products */;
			projectDirPath = "";
			projectRoot = "";
			targets = (
				886DE78227BBD073005BEC34 /* Photo-Album-App_Swift */,
			);
		};
/* End PBXProject section */

/* Begin PBXResourcesBuildPhase section */
		886DE78127BBD073005BEC34 /* Resources */ = {
			isa = PBXResourcesBuildPhase;
			buildActionMask = 2147483647;
			files = (
				886DE79327BBD077005BEC34 /* LaunchScreen.storyboard in Resources */,
				886DE79027BBD076005BEC34 /* Assets.xcassets in Resources */,
				886DE78E27BBD073005BEC34 /* Main.storyboard in Resources */,
				886DE7C727BCFDBF005BEC34 /* PhotoCollectionViewCell.xib in Resources */,
				886DE7B227BCC563005BEC34 /* AlbumTableViewCell.xib in Resources */,
				886DE7A827BCB4C1005BEC34 /* CustomPickerFlow.storyboard in Resources */,
			);
			runOnlyForDeploymentPostprocessing = 0;
		};
/* End PBXResourcesBuildPhase section */

/* Begin PBXSourcesBuildPhase section */
		886DE77F27BBD073005BEC34 /* Sources */ = {
			isa = PBXSourcesBuildPhase;
			buildActionMask = 2147483647;
			files = (
				886DE7B427BCE6D7005BEC34 /* UIImageView.swift in Sources */,
				886DE7C627BCFDBF005BEC34 /* PhotoCollectionViewCell.swift in Sources */,
				886DE7AE27BCB57D005BEC34 /* AlbumViewController.swift in Sources */,
				886DE78B27BBD073005BEC34 /* MainViewController.swift in Sources */,
				886DE78727BBD073005BEC34 /* AppDelegate.swift in Sources */,
				886DE7AC27BCB547005BEC34 /* CustomPickerNavigationController.swift in Sources */,
				886DE7B127BCC563005BEC34 /* AlbumTableViewCell.swift in Sources */,
				886DE79B27BCA140005BEC34 /* UIViewController.swift in Sources */,
				886DE78927BBD073005BEC34 /* SceneDelegate.swift in Sources */,
				886DE7C927BDDB5C005BEC34 /* CustomPickerViewModel.swift in Sources */,
				886DE7C227BCF630005BEC34 /* PhotoViewController.swift in Sources */,
			);
			runOnlyForDeploymentPostprocessing = 0;
		};
/* End PBXSourcesBuildPhase section */

/* Begin PBXVariantGroup section */
		886DE78C27BBD073005BEC34 /* Main.storyboard */ = {
			isa = PBXVariantGroup;
			children = (
				886DE78D27BBD073005BEC34 /* Base */,
			);
			name = Main.storyboard;
			sourceTree = "<group>";
		};
		886DE79127BBD077005BEC34 /* LaunchScreen.storyboard */ = {
			isa = PBXVariantGroup;
			children = (
				886DE79227BBD077005BEC34 /* Base */,
			);
			name = LaunchScreen.storyboard;
			sourceTree = "<group>";
		};
/* End PBXVariantGroup section */

/* Begin XCBuildConfiguration section */
		886DE79527BBD077005BEC34 /* Debug */ = {
			isa = XCBuildConfiguration;
			buildSettings = {
				ALWAYS_SEARCH_USER_PATHS = NO;
				CLANG_ANALYZER_NONNULL = YES;
				CLANG_ANALYZER_NUMBER_OBJECT_CONVERSION = YES_AGGRESSIVE;
				CLANG_CXX_LANGUAGE_STANDARD = "gnu++17";
				CLANG_CXX_LIBRARY = "libc++";
				CLANG_ENABLE_MODULES = YES;
				CLANG_ENABLE_OBJC_ARC = YES;
				CLANG_ENABLE_OBJC_WEAK = YES;
				CLANG_WARN_BLOCK_CAPTURE_AUTORELEASING = YES;
				CLANG_WARN_BOOL_CONVERSION = YES;
				CLANG_WARN_COMMA = YES;
				CLANG_WARN_CONSTANT_CONVERSION = YES;
				CLANG_WARN_DEPRECATED_OBJC_IMPLEMENTATIONS = YES;
				CLANG_WARN_DIRECT_OBJC_ISA_USAGE = YES_ERROR;
				CLANG_WARN_DOCUMENTATION_COMMENTS = YES;
				CLANG_WARN_EMPTY_BODY = YES;
				CLANG_WARN_ENUM_CONVERSION = YES;
				CLANG_WARN_INFINITE_RECURSION = YES;
				CLANG_WARN_INT_CONVERSION = YES;
				CLANG_WARN_NON_LITERAL_NULL_CONVERSION = YES;
				CLANG_WARN_OBJC_IMPLICIT_RETAIN_SELF = YES;
				CLANG_WARN_OBJC_LITERAL_CONVERSION = YES;
				CLANG_WARN_OBJC_ROOT_CLASS = YES_ERROR;
				CLANG_WARN_QUOTED_INCLUDE_IN_FRAMEWORK_HEADER = YES;
				CLANG_WARN_RANGE_LOOP_ANALYSIS = YES;
				CLANG_WARN_STRICT_PROTOTYPES = YES;
				CLANG_WARN_SUSPICIOUS_MOVE = YES;
				CLANG_WARN_UNGUARDED_AVAILABILITY = YES_AGGRESSIVE;
				CLANG_WARN_UNREACHABLE_CODE = YES;
				CLANG_WARN__DUPLICATE_METHOD_MATCH = YES;
				COPY_PHASE_STRIP = NO;
				DEBUG_INFORMATION_FORMAT = dwarf;
				ENABLE_STRICT_OBJC_MSGSEND = YES;
				ENABLE_TESTABILITY = YES;
				GCC_C_LANGUAGE_STANDARD = gnu11;
				GCC_DYNAMIC_NO_PIC = NO;
				GCC_NO_COMMON_BLOCKS = YES;
				GCC_OPTIMIZATION_LEVEL = 0;
				GCC_PREPROCESSOR_DEFINITIONS = (
					"DEBUG=1",
					"$(inherited)",
				);
				GCC_WARN_64_TO_32_BIT_CONVERSION = YES;
				GCC_WARN_ABOUT_RETURN_TYPE = YES_ERROR;
				GCC_WARN_UNDECLARED_SELECTOR = YES;
				GCC_WARN_UNINITIALIZED_AUTOS = YES_AGGRESSIVE;
				GCC_WARN_UNUSED_FUNCTION = YES;
				GCC_WARN_UNUSED_VARIABLE = YES;
				IPHONEOS_DEPLOYMENT_TARGET = 15.0;
				MTL_ENABLE_DEBUG_INFO = INCLUDE_SOURCE;
				MTL_FAST_MATH = YES;
				ONLY_ACTIVE_ARCH = YES;
				SDKROOT = iphoneos;
				SWIFT_ACTIVE_COMPILATION_CONDITIONS = DEBUG;
				SWIFT_OPTIMIZATION_LEVEL = "-Onone";
			};
			name = Debug;
		};
		886DE79627BBD077005BEC34 /* Release */ = {
			isa = XCBuildConfiguration;
			buildSettings = {
				ALWAYS_SEARCH_USER_PATHS = NO;
				CLANG_ANALYZER_NONNULL = YES;
				CLANG_ANALYZER_NUMBER_OBJECT_CONVERSION = YES_AGGRESSIVE;
				CLANG_CXX_LANGUAGE_STANDARD = "gnu++17";
				CLANG_CXX_LIBRARY = "libc++";
				CLANG_ENABLE_MODULES = YES;
				CLANG_ENABLE_OBJC_ARC = YES;
				CLANG_ENABLE_OBJC_WEAK = YES;
				CLANG_WARN_BLOCK_CAPTURE_AUTORELEASING = YES;
				CLANG_WARN_BOOL_CONVERSION = YES;
				CLANG_WARN_COMMA = YES;
				CLANG_WARN_CONSTANT_CONVERSION = YES;
				CLANG_WARN_DEPRECATED_OBJC_IMPLEMENTATIONS = YES;
				CLANG_WARN_DIRECT_OBJC_ISA_USAGE = YES_ERROR;
				CLANG_WARN_DOCUMENTATION_COMMENTS = YES;
				CLANG_WARN_EMPTY_BODY = YES;
				CLANG_WARN_ENUM_CONVERSION = YES;
				CLANG_WARN_INFINITE_RECURSION = YES;
				CLANG_WARN_INT_CONVERSION = YES;
				CLANG_WARN_NON_LITERAL_NULL_CONVERSION = YES;
				CLANG_WARN_OBJC_IMPLICIT_RETAIN_SELF = YES;
				CLANG_WARN_OBJC_LITERAL_CONVERSION = YES;
				CLANG_WARN_OBJC_ROOT_CLASS = YES_ERROR;
				CLANG_WARN_QUOTED_INCLUDE_IN_FRAMEWORK_HEADER = YES;
				CLANG_WARN_RANGE_LOOP_ANALYSIS = YES;
				CLANG_WARN_STRICT_PROTOTYPES = YES;
				CLANG_WARN_SUSPICIOUS_MOVE = YES;
				CLANG_WARN_UNGUARDED_AVAILABILITY = YES_AGGRESSIVE;
				CLANG_WARN_UNREACHABLE_CODE = YES;
				CLANG_WARN__DUPLICATE_METHOD_MATCH = YES;
				COPY_PHASE_STRIP = NO;
				DEBUG_INFORMATION_FORMAT = "dwarf-with-dsym";
				ENABLE_NS_ASSERTIONS = NO;
				ENABLE_STRICT_OBJC_MSGSEND = YES;
				GCC_C_LANGUAGE_STANDARD = gnu11;
				GCC_NO_COMMON_BLOCKS = YES;
				GCC_WARN_64_TO_32_BIT_CONVERSION = YES;
				GCC_WARN_ABOUT_RETURN_TYPE = YES_ERROR;
				GCC_WARN_UNDECLARED_SELECTOR = YES;
				GCC_WARN_UNINITIALIZED_AUTOS = YES_AGGRESSIVE;
				GCC_WARN_UNUSED_FUNCTION = YES;
				GCC_WARN_UNUSED_VARIABLE = YES;
				IPHONEOS_DEPLOYMENT_TARGET = 15.0;
				MTL_ENABLE_DEBUG_INFO = NO;
				MTL_FAST_MATH = YES;
				SDKROOT = iphoneos;
				SWIFT_COMPILATION_MODE = wholemodule;
				SWIFT_OPTIMIZATION_LEVEL = "-O";
				VALIDATE_PRODUCT = YES;
			};
			name = Release;
		};
		886DE79827BBD077005BEC34 /* Debug */ = {
			isa = XCBuildConfiguration;
			buildSettings = {
				ASSETCATALOG_COMPILER_APPICON_NAME = AppIcon;
				ASSETCATALOG_COMPILER_GLOBAL_ACCENT_COLOR_NAME = AccentColor;
				CODE_SIGN_STYLE = Automatic;
				CURRENT_PROJECT_VERSION = 1;
				DEVELOPMENT_TEAM = 74X8W85PJ2;
				GENERATE_INFOPLIST_FILE = YES;
				INFOPLIST_FILE = "Photo-Album-App_Swift/Info.plist";
				INFOPLIST_KEY_NSPhotoLibraryUsageDescription = "$(PRODUCT_NAME) UIImagePickerController require this access to function";
				INFOPLIST_KEY_UIApplicationSupportsIndirectInputEvents = YES;
				INFOPLIST_KEY_UILaunchStoryboardName = LaunchScreen;
				INFOPLIST_KEY_UIMainStoryboardFile = Main;
				INFOPLIST_KEY_UISupportedInterfaceOrientations_iPad = "UIInterfaceOrientationPortrait UIInterfaceOrientationPortraitUpsideDown UIInterfaceOrientationLandscapeLeft UIInterfaceOrientationLandscapeRight";
				INFOPLIST_KEY_UISupportedInterfaceOrientations_iPhone = "UIInterfaceOrientationPortrait UIInterfaceOrientationLandscapeLeft UIInterfaceOrientationLandscapeRight";
				INFOPLIST_KEY_UIUserInterfaceStyle = Light;
				LD_RUNPATH_SEARCH_PATHS = (
					"$(inherited)",
					"@executable_path/Frameworks",
				);
				MARKETING_VERSION = 1.0;
				PRODUCT_BUNDLE_IDENTIFIER = "com.jjstudio.Photo-Album-App-Swift";
				PRODUCT_NAME = "$(TARGET_NAME)";
				SWIFT_EMIT_LOC_STRINGS = YES;
				SWIFT_VERSION = 5.0;
				TARGETED_DEVICE_FAMILY = "1,2";
			};
			name = Debug;
		};
		886DE79927BBD077005BEC34 /* Release */ = {
			isa = XCBuildConfiguration;
			buildSettings = {
				ASSETCATALOG_COMPILER_APPICON_NAME = AppIcon;
				ASSETCATALOG_COMPILER_GLOBAL_ACCENT_COLOR_NAME = AccentColor;
				CODE_SIGN_STYLE = Automatic;
				CURRENT_PROJECT_VERSION = 1;
				DEVELOPMENT_TEAM = 74X8W85PJ2;
				GENERATE_INFOPLIST_FILE = YES;
				INFOPLIST_FILE = "Photo-Album-App_Swift/Info.plist";
				INFOPLIST_KEY_NSPhotoLibraryUsageDescription = "$(PRODUCT_NAME) UIImagePickerController require this access to function";
				INFOPLIST_KEY_UIApplicationSupportsIndirectInputEvents = YES;
				INFOPLIST_KEY_UILaunchStoryboardName = LaunchScreen;
				INFOPLIST_KEY_UIMainStoryboardFile = Main;
				INFOPLIST_KEY_UISupportedInterfaceOrientations_iPad = "UIInterfaceOrientationPortrait UIInterfaceOrientationPortraitUpsideDown UIInterfaceOrientationLandscapeLeft UIInterfaceOrientationLandscapeRight";
				INFOPLIST_KEY_UISupportedInterfaceOrientations_iPhone = "UIInterfaceOrientationPortrait UIInterfaceOrientationLandscapeLeft UIInterfaceOrientationLandscapeRight";
				INFOPLIST_KEY_UIUserInterfaceStyle = Light;
				LD_RUNPATH_SEARCH_PATHS = (
					"$(inherited)",
					"@executable_path/Frameworks",
				);
				MARKETING_VERSION = 1.0;
				PRODUCT_BUNDLE_IDENTIFIER = "com.jjstudio.Photo-Album-App-Swift";
				PRODUCT_NAME = "$(TARGET_NAME)";
				SWIFT_EMIT_LOC_STRINGS = YES;
				SWIFT_VERSION = 5.0;
				TARGETED_DEVICE_FAMILY = "1,2";
			};
			name = Release;
		};
/* End XCBuildConfiguration section */

/* Begin XCConfigurationList section */
		886DE77E27BBD073005BEC34 /* Build configuration list for PBXProject "Photo-Album-App_Swift" */ = {
			isa = XCConfigurationList;
			buildConfigurations = (
				886DE79527BBD077005BEC34 /* Debug */,
				886DE79627BBD077005BEC34 /* Release */,
			);
			defaultConfigurationIsVisible = 0;
			defaultConfigurationName = Release;
		};
		886DE79727BBD077005BEC34 /* Build configuration list for PBXNativeTarget "Photo-Album-App_Swift" */ = {
			isa = XCConfigurationList;
			buildConfigurations = (
				886DE79827BBD077005BEC34 /* Debug */,
				886DE79927BBD077005BEC34 /* Release */,
			);
			defaultConfigurationIsVisible = 0;
			defaultConfigurationName = Release;
		};
/* End XCConfigurationList section */
	};
	rootObject = 886DE77B27BBD073005BEC34 /* Project object */;
}
